
Microsoft Visual Studio Solution File, Format Version 12.00
# Visual Studio Version 17
VisualStudioVersion = 17.9.34607.119
MinimumVisualStudioVersion = 10.0.40219.1
Project("{FAE04EC0-301F-11D3-BF4B-00C04F79EFBC}") = "Examen2p", "Examen2p\Examen2p.csproj", "{DC1E68BC-4106-492E-B528-CD0E2CD08D00}"
EndProject
Project("{FAE04EC0-301F-11D3-BF4B-00C04F79EFBC}") = "Examen2p.Client", "Examen2p.Client\Examen2p.Client.csproj", "{695791BE-1195-46F8-A5CE-FF13B9415E42}"
EndProject
Global
	GlobalSection(SolutionConfigurationPlatforms) = preSolution
		Debug|Any CPU = Debug|Any CPU
		Release|Any CPU = Release|Any CPU
	EndGlobalSection
	GlobalSection(ProjectConfigurationPlatforms) = postSolution
		{DC1E68BC-4106-492E-B528-CD0E2CD08D00}.Debug|Any CPU.ActiveCfg = Debug|Any CPU
		{DC1E68BC-4106-492E-B528-CD0E2CD08D00}.Debug|Any CPU.Build.0 = Debug|Any CPU
		{DC1E68BC-4106-492E-B528-CD0E2CD08D00}.Release|Any CPU.ActiveCfg = Release|Any CPU
		{DC1E68BC-4106-492E-B528-CD0E2CD08D00}.Release|Any CPU.Build.0 = Release|Any CPU
		{695791BE-1195-46F8-A5CE-FF13B9415E42}.Debug|Any CPU.ActiveCfg = Debug|Any CPU
		{695791BE-1195-46F8-A5CE-FF13B9415E42}.Debug|Any CPU.Build.0 = Debug|Any CPU
		{695791BE-1195-46F8-A5CE-FF13B9415E42}.Release|Any CPU.ActiveCfg = Release|Any CPU
		{695791BE-1195-46F8-A5CE-FF13B9415E42}.Release|Any CPU.Build.0 = Release|Any CPU
	EndGlobalSection
	GlobalSection(SolutionProperties) = preSolution
		HideSolutionNode = FALSE
	EndGlobalSection
	GlobalSection(ExtensibilityGlobals) = postSolution
		SolutionGuid = {E8328F05-F819-4ADD-8087-3D896DEBB913}
	EndGlobalSection
EndGlobal
